
Microsoft Visual Studio Solution File, Format Version 12.00
# Visual Studio Version 16
VisualStudioVersion = 16.0.32929.386
MinimumVisualStudioVersion = 10.0.40219.1
Project("{9A19103F-16F7-4668-BE54-9A1E7A4F7556}") = "Application", "Application\Application.csproj", "{E88A08D5-BE56-40F0-9700-F3786121F3E6}"
EndProject
Project("{9A19103F-16F7-4668-BE54-9A1E7A4F7556}") = "Domain", "Domain\Domain.csproj", "{7AA70EB9-C26D-44E0-9885-284D4504CAE1}"
EndProject
Project("{9A19103F-16F7-4668-BE54-9A1E7A4F7556}") = "WebApi", "WebApi\WebApi.csproj", "{8B6BB221-A392-4A66-BAF1-E0F2B87B13DC}"
EndProject
Project("{9A19103F-16F7-4668-BE54-9A1E7A4F7556}") = "Infrastructure", "Infrastructure\Infrastructure.csproj", "{7271866C-14C2-4196-8AFD-90BD2790749A}"
EndProject
Global
	GlobalSection(SolutionConfigurationPlatforms) = preSolution
		Debug|Any CPU = Debug|Any CPU
		Release|Any CPU = Release|Any CPU
	EndGlobalSection
	GlobalSection(ProjectConfigurationPlatforms) = postSolution
		{E88A08D5-BE56-40F0-9700-F3786121F3E6}.Debug|Any CPU.ActiveCfg = Debug|Any CPU
		{E88A08D5-BE56-40F0-9700-F3786121F3E6}.Debug|Any CPU.Build.0 = Debug|Any CPU
		{E88A08D5-BE56-40F0-9700-F3786121F3E6}.Release|Any CPU.ActiveCfg = Release|Any CPU
		{E88A08D5-BE56-40F0-9700-F3786121F3E6}.Release|Any CPU.Build.0 = Release|Any CPU
		{7AA70EB9-C26D-44E0-9885-284D4504CAE1}.Debug|Any CPU.ActiveCfg = Debug|Any CPU
		{7AA70EB9-C26D-44E0-9885-284D4504CAE1}.Debug|Any CPU.Build.0 = Debug|Any CPU
		{7AA70EB9-C26D-44E0-9885-284D4504CAE1}.Release|Any CPU.ActiveCfg = Release|Any CPU
		{7AA70EB9-C26D-44E0-9885-284D4504CAE1}.Release|Any CPU.Build.0 = Release|Any CPU
		{8B6BB221-A392-4A66-BAF1-E0F2B87B13DC}.Debug|Any CPU.ActiveCfg = Debug|Any CPU
		{8B6BB221-A392-4A66-BAF1-E0F2B87B13DC}.Debug|Any CPU.Build.0 = Debug|Any CPU
		{8B6BB221-A392-4A66-BAF1-E0F2B87B13DC}.Release|Any CPU.ActiveCfg = Release|Any CPU
		{8B6BB221-A392-4A66-BAF1-E0F2B87B13DC}.Release|Any CPU.Build.0 = Release|Any CPU
		{7271866C-14C2-4196-8AFD-90BD2790749A}.Debug|Any CPU.ActiveCfg = Debug|Any CPU
		{7271866C-14C2-4196-8AFD-90BD2790749A}.Debug|Any CPU.Build.0 = Debug|Any CPU
		{7271866C-14C2-4196-8AFD-90BD2790749A}.Release|Any CPU.ActiveCfg = Release|Any CPU
		{7271866C-14C2-4196-8AFD-90BD2790749A}.Release|Any CPU.Build.0 = Release|Any CPU
	EndGlobalSection
	GlobalSection(SolutionProperties) = preSolution
		HideSolutionNode = FALSE
	EndGlobalSection
	GlobalSection(ExtensibilityGlobals) = postSolution
		SolutionGuid = {E1746429-8FE5-46DD-BF20-B3999F295D56}
	EndGlobalSection
EndGlobal
